
Microsoft Visual Studio Solution File, Format Version 12.00
# Visual Studio Version 16
VisualStudioVersion = 16.0.30114.105
MinimumVisualStudioVersion = 10.0.40219.1
Project("{2150E333-8FDC-42A3-9474-1A3956D46DE8}") = "src", "src", "{7FBB45D1-C411-4C04-98D4-60C675BCA77F}"
EndProject
Project("{FAE04EC0-301F-11D3-BF4B-00C04F79EFBC}") = "ApiOne", "src\ApiOne\ApiOne.csproj", "{71E057BF-5923-496E-ADFB-64E0A37E0AC9}"
EndProject
Project("{FAE04EC0-301F-11D3-BF4B-00C04F79EFBC}") = "ApiTwo", "src\ApiTwo\ApiTwo.csproj", "{7511A7B6-4850-41E7-B652-783FAF7E5DF3}"
EndProject
Project("{FAE04EC0-301F-11D3-BF4B-00C04F79EFBC}") = "IdentityServer", "src\IdentityServer\IdentityServer.csproj", "{AADA0B97-C99F-4A59-A388-B8D356AEBFC3}"
EndProject
Project("{FAE04EC0-301F-11D3-BF4B-00C04F79EFBC}") = "WebClientAngular", "src\WebClientAngular\WebClientAngular.csproj", "{B413B909-94EB-4130-A46D-D3C08EA793BA}"
EndProject
Project("{FAE04EC0-301F-11D3-BF4B-00C04F79EFBC}") = "WebClientMVC", "src\WebClientMVC\WebClientMVC.csproj", "{2CDEC9F9-17B0-4066-8F20-E75A0ACEAE1B}"
EndProject
Global
	GlobalSection(SolutionConfigurationPlatforms) = preSolution
		Debug|Any CPU = Debug|Any CPU
		Debug|x64 = Debug|x64
		Debug|x86 = Debug|x86
		Release|Any CPU = Release|Any CPU
		Release|x64 = Release|x64
		Release|x86 = Release|x86
	EndGlobalSection
	GlobalSection(SolutionProperties) = preSolution
		HideSolutionNode = FALSE
	EndGlobalSection
	GlobalSection(ProjectConfigurationPlatforms) = postSolution
		{71E057BF-5923-496E-ADFB-64E0A37E0AC9}.Debug|Any CPU.ActiveCfg = Debug|Any CPU
		{71E057BF-5923-496E-ADFB-64E0A37E0AC9}.Debug|Any CPU.Build.0 = Debug|Any CPU
		{71E057BF-5923-496E-ADFB-64E0A37E0AC9}.Debug|x64.ActiveCfg = Debug|Any CPU
		{71E057BF-5923-496E-ADFB-64E0A37E0AC9}.Debug|x64.Build.0 = Debug|Any CPU
		{71E057BF-5923-496E-ADFB-64E0A37E0AC9}.Debug|x86.ActiveCfg = Debug|Any CPU
		{71E057BF-5923-496E-ADFB-64E0A37E0AC9}.Debug|x86.Build.0 = Debug|Any CPU
		{71E057BF-5923-496E-ADFB-64E0A37E0AC9}.Release|Any CPU.ActiveCfg = Release|Any CPU
		{71E057BF-5923-496E-ADFB-64E0A37E0AC9}.Release|Any CPU.Build.0 = Release|Any CPU
		{71E057BF-5923-496E-ADFB-64E0A37E0AC9}.Release|x64.ActiveCfg = Release|Any CPU
		{71E057BF-5923-496E-ADFB-64E0A37E0AC9}.Release|x64.Build.0 = Release|Any CPU
		{71E057BF-5923-496E-ADFB-64E0A37E0AC9}.Release|x86.ActiveCfg = Release|Any CPU
		{71E057BF-5923-496E-ADFB-64E0A37E0AC9}.Release|x86.Build.0 = Release|Any CPU
		{7511A7B6-4850-41E7-B652-783FAF7E5DF3}.Debug|Any CPU.ActiveCfg = Debug|Any CPU
		{7511A7B6-4850-41E7-B652-783FAF7E5DF3}.Debug|Any CPU.Build.0 = Debug|Any CPU
		{7511A7B6-4850-41E7-B652-783FAF7E5DF3}.Debug|x64.ActiveCfg = Debug|Any CPU
		{7511A7B6-4850-41E7-B652-783FAF7E5DF3}.Debug|x64.Build.0 = Debug|Any CPU
		{7511A7B6-4850-41E7-B652-783FAF7E5DF3}.Debug|x86.ActiveCfg = Debug|Any CPU
		{7511A7B6-4850-41E7-B652-783FAF7E5DF3}.Debug|x86.Build.0 = Debug|Any CPU
		{7511A7B6-4850-41E7-B652-783FAF7E5DF3}.Release|Any CPU.ActiveCfg = Release|Any CPU
		{7511A7B6-4850-41E7-B652-783FAF7E5DF3}.Release|Any CPU.Build.0 = Release|Any CPU
		{7511A7B6-4850-41E7-B652-783FAF7E5DF3}.Release|x64.ActiveCfg = Release|Any CPU
		{7511A7B6-4850-41E7-B652-783FAF7E5DF3}.Release|x64.Build.0 = Release|Any CPU
		{7511A7B6-4850-41E7-B652-783FAF7E5DF3}.Release|x86.ActiveCfg = Release|Any CPU
		{7511A7B6-4850-41E7-B652-783FAF7E5DF3}.Release|x86.Build.0 = Release|Any CPU
		{AADA0B97-C99F-4A59-A388-B8D356AEBFC3}.Debug|Any CPU.ActiveCfg = Debug|Any CPU
		{AADA0B97-C99F-4A59-A388-B8D356AEBFC3}.Debug|Any CPU.Build.0 = Debug|Any CPU
		{AADA0B97-C99F-4A59-A388-B8D356AEBFC3}.Debug|x64.ActiveCfg = Debug|Any CPU
		{AADA0B97-C99F-4A59-A388-B8D356AEBFC3}.Debug|x64.Build.0 = Debug|Any CPU
		{AADA0B97-C99F-4A59-A388-B8D356AEBFC3}.Debug|x86.ActiveCfg = Debug|Any CPU
		{AADA0B97-C99F-4A59-A388-B8D356AEBFC3}.Debug|x86.Build.0 = Debug|Any CPU
		{AADA0B97-C99F-4A59-A388-B8D356AEBFC3}.Release|Any CPU.ActiveCfg = Release|Any CPU
		{AADA0B97-C99F-4A59-A388-B8D356AEBFC3}.Release|Any CPU.Build.0 = Release|Any CPU
		{AADA0B97-C99F-4A59-A388-B8D356AEBFC3}.Release|x64.ActiveCfg = Release|Any CPU
		{AADA0B97-C99F-4A59-A388-B8D356AEBFC3}.Release|x64.Build.0 = Release|Any CPU
		{AADA0B97-C99F-4A59-A388-B8D356AEBFC3}.Release|x86.ActiveCfg = Release|Any CPU
		{AADA0B97-C99F-4A59-A388-B8D356AEBFC3}.Release|x86.Build.0 = Release|Any CPU
		{B413B909-94EB-4130-A46D-D3C08EA793BA}.Debug|Any CPU.ActiveCfg = Debug|Any CPU
		{B413B909-94EB-4130-A46D-D3C08EA793BA}.Debug|Any CPU.Build.0 = Debug|Any CPU
		{B413B909-94EB-4130-A46D-D3C08EA793BA}.Debug|x64.ActiveCfg = Debug|Any CPU
		{B413B909-94EB-4130-A46D-D3C08EA793BA}.Debug|x64.Build.0 = Debug|Any CPU
		{B413B909-94EB-4130-A46D-D3C08EA793BA}.Debug|x86.ActiveCfg = Debug|Any CPU
		{B413B909-94EB-4130-A46D-D3C08EA793BA}.Debug|x86.Build.0 = Debug|Any CPU
		{B413B909-94EB-4130-A46D-D3C08EA793BA}.Release|Any CPU.ActiveCfg = Release|Any CPU
		{B413B909-94EB-4130-A46D-D3C08EA793BA}.Release|Any CPU.Build.0 = Release|Any CPU
		{B413B909-94EB-4130-A46D-D3C08EA793BA}.Release|x64.ActiveCfg = Release|Any CPU
		{B413B909-94EB-4130-A46D-D3C08EA793BA}.Release|x64.Build.0 = Release|Any CPU
		{B413B909-94EB-4130-A46D-D3C08EA793BA}.Release|x86.ActiveCfg = Release|Any CPU
		{B413B909-94EB-4130-A46D-D3C08EA793BA}.Release|x86.Build.0 = Release|Any CPU
		{2CDEC9F9-17B0-4066-8F20-E75A0ACEAE1B}.Debug|Any CPU.ActiveCfg = Debug|Any CPU
		{2CDEC9F9-17B0-4066-8F20-E75A0ACEAE1B}.Debug|Any CPU.Build.0 = Debug|Any CPU
		{2CDEC9F9-17B0-4066-8F20-E75A0ACEAE1B}.Debug|x64.ActiveCfg = Debug|Any CPU
		{2CDEC9F9-17B0-4066-8F20-E75A0ACEAE1B}.Debug|x64.Build.0 = Debug|Any CPU
		{2CDEC9F9-17B0-4066-8F20-E75A0ACEAE1B}.Debug|x86.ActiveCfg = Debug|Any CPU
		{2CDEC9F9-17B0-4066-8F20-E75A0ACEAE1B}.Debug|x86.Build.0 = Debug|Any CPU
		{2CDEC9F9-17B0-4066-8F20-E75A0ACEAE1B}.Release|Any CPU.ActiveCfg = Release|Any CPU
		{2CDEC9F9-17B0-4066-8F20-E75A0ACEAE1B}.Release|Any CPU.Build.0 = Release|Any CPU
		{2CDEC9F9-17B0-4066-8F20-E75A0ACEAE1B}.Release|x64.ActiveCfg = Release|Any CPU
		{2CDEC9F9-17B0-4066-8F20-E75A0ACEAE1B}.Release|x64.Build.0 = Release|Any CPU
		{2CDEC9F9-17B0-4066-8F20-E75A0ACEAE1B}.Release|x86.ActiveCfg = Release|Any CPU
		{2CDEC9F9-17B0-4066-8F20-E75A0ACEAE1B}.Release|x86.Build.0 = Release|Any CPU
	EndGlobalSection
	GlobalSection(NestedProjects) = preSolution
		{71E057BF-5923-496E-ADFB-64E0A37E0AC9} = {7FBB45D1-C411-4C04-98D4-60C675BCA77F}
		{7511A7B6-4850-41E7-B652-783FAF7E5DF3} = {7FBB45D1-C411-4C04-98D4-60C675BCA77F}
		{AADA0B97-C99F-4A59-A388-B8D356AEBFC3} = {7FBB45D1-C411-4C04-98D4-60C675BCA77F}
		{B413B909-94EB-4130-A46D-D3C08EA793BA} = {7FBB45D1-C411-4C04-98D4-60C675BCA77F}
		{2CDEC9F9-17B0-4066-8F20-E75A0ACEAE1B} = {7FBB45D1-C411-4C04-98D4-60C675BCA77F}
	EndGlobalSection
EndGlobal
